{
  "projects": [
    {
      "projectId": "anqwo3UY8Xt2uhLRY4dUyg",
      "version": "latest",
      "dependencies": {},
      "lang": "ts",
      "fileLocks": [
        {
          "type": "globalVariant",
          "assetId": "5GroU1xQ2m",
          "checksum": "12167d3fdd2d3d57d8a97dbab27cc509"
        },
        {
          "type": "renderModule",
          "assetId": "pDrkoDKmfG",
          "checksum": "69cb62beb2e27b8e25205b60223073be"
        },
        {
          "type": "cssRules",
          "assetId": "pDrkoDKmfG",
          "checksum": "69cb62beb2e27b8e25205b60223073be"
        },
        {
          "type": "image",
          "assetId": "fBOMxWFwr",
          "checksum": "9bd022dfff7210e1cc9ad8cfa488e32e"
        },
        {
          "assetId": "anqwo3UY8Xt2uhLRY4dUyg",
          "type": "projectCss",
          "checksum": "5cfdbd5fcab21d4346fbaab24a0ddbf0"
        },
        {
          "type": "icon",
          "assetId": "tc8t7qIODeW",
          "checksum": "641e0e275b554ffd3ac8a150495cd5f4"
        }
      ]
    }
  ],
  "cliVersion": "0.1.161"
}
